
Microsoft Visual Studio Solution File, Format Version 12.00
# Visual Studio Version 17
VisualStudioVersion = 17.6.33801.468
MinimumVisualStudioVersion = 10.0.40219.1
Project("{9A19103F-16F7-4668-BE54-9A1E7A4F7556}") = "FourierTransforms", "FourierTransforms.csproj", "{898E92AA-AC12-40FE-8FBE-8998E30653F0}"
EndProject
Project("{9A19103F-16F7-4668-BE54-9A1E7A4F7556}") = "FourierTransformTests", "..\FourierTransformTests\FourierTransformTests.csproj", "{F3AFE947-B9C5-47E5-BEC9-1BAA03B5BF97}"
EndProject
Project("{9A19103F-16F7-4668-BE54-9A1E7A4F7556}") = "FourierTransformStart", "..\FourierTransformStart\FourierTransformStart.csproj", "{3DCF02F6-9D18-4844-B526-652D966DA863}"
EndProject
Global
	GlobalSection(SolutionConfigurationPlatforms) = preSolution
		Debug|Any CPU = Debug|Any CPU
		Release|Any CPU = Release|Any CPU
	EndGlobalSection
	GlobalSection(ProjectConfigurationPlatforms) = postSolution
		{898E92AA-AC12-40FE-8FBE-8998E30653F0}.Debug|Any CPU.ActiveCfg = Debug|Any CPU
		{898E92AA-AC12-40FE-8FBE-8998E30653F0}.Debug|Any CPU.Build.0 = Debug|Any CPU
		{898E92AA-AC12-40FE-8FBE-8998E30653F0}.Release|Any CPU.ActiveCfg = Release|Any CPU
		{898E92AA-AC12-40FE-8FBE-8998E30653F0}.Release|Any CPU.Build.0 = Release|Any CPU
		{F3AFE947-B9C5-47E5-BEC9-1BAA03B5BF97}.Debug|Any CPU.ActiveCfg = Debug|Any CPU
		{F3AFE947-B9C5-47E5-BEC9-1BAA03B5BF97}.Debug|Any CPU.Build.0 = Debug|Any CPU
		{F3AFE947-B9C5-47E5-BEC9-1BAA03B5BF97}.Release|Any CPU.ActiveCfg = Release|Any CPU
		{F3AFE947-B9C5-47E5-BEC9-1BAA03B5BF97}.Release|Any CPU.Build.0 = Release|Any CPU
		{3DCF02F6-9D18-4844-B526-652D966DA863}.Debug|Any CPU.ActiveCfg = Debug|Any CPU
		{3DCF02F6-9D18-4844-B526-652D966DA863}.Debug|Any CPU.Build.0 = Debug|Any CPU
		{3DCF02F6-9D18-4844-B526-652D966DA863}.Release|Any CPU.ActiveCfg = Release|Any CPU
		{3DCF02F6-9D18-4844-B526-652D966DA863}.Release|Any CPU.Build.0 = Release|Any CPU
	EndGlobalSection
	GlobalSection(SolutionProperties) = preSolution
		HideSolutionNode = FALSE
	EndGlobalSection
	GlobalSection(ExtensibilityGlobals) = postSolution
		SolutionGuid = {CC964761-24F3-4340-B249-203985104458}
	EndGlobalSection
EndGlobal
